
Microsoft Visual Studio Solution File, Format Version 12.00
# Visual Studio Version 17
VisualStudioVersion = 17.1.32228.430
MinimumVisualStudioVersion = 10.0.40219.1
Project("{FAE04EC0-301F-11D3-BF4B-00C04F79EFBC}") = "Mediatek86", "Mediatek86.csproj", "{810296AE-B290-4E67-A945-19806086CAFE}"
EndProject
Global
	GlobalSection(SolutionConfigurationPlatforms) = preSolution
		Debug|Any CPU = Debug|Any CPU
		Debug|ARM = Debug|ARM
		Debug|ARM64 = Debug|ARM64
		Debug|x64 = Debug|x64
		Debug|x86 = Debug|x86
		Release|Any CPU = Release|Any CPU
		Release|ARM = Release|ARM
		Release|ARM64 = Release|ARM64
		Release|x64 = Release|x64
		Release|x86 = Release|x86
	EndGlobalSection
	GlobalSection(ProjectConfigurationPlatforms) = postSolution
		{810296AE-B290-4E67-A945-19806086CAFE}.Debug|Any CPU.ActiveCfg = Debug|Any CPU
		{810296AE-B290-4E67-A945-19806086CAFE}.Debug|Any CPU.Build.0 = Debug|Any CPU
		{810296AE-B290-4E67-A945-19806086CAFE}.Debug|ARM.ActiveCfg = Debug|Any CPU
		{810296AE-B290-4E67-A945-19806086CAFE}.Debug|ARM.Build.0 = Debug|Any CPU
		{810296AE-B290-4E67-A945-19806086CAFE}.Debug|ARM64.ActiveCfg = Debug|Any CPU
		{810296AE-B290-4E67-A945-19806086CAFE}.Debug|ARM64.Build.0 = Debug|Any CPU
		{810296AE-B290-4E67-A945-19806086CAFE}.Debug|x64.ActiveCfg = Debug|Any CPU
		{810296AE-B290-4E67-A945-19806086CAFE}.Debug|x64.Build.0 = Debug|Any CPU
		{810296AE-B290-4E67-A945-19806086CAFE}.Debug|x86.ActiveCfg = Debug|Any CPU
		{810296AE-B290-4E67-A945-19806086CAFE}.Debug|x86.Build.0 = Debug|Any CPU
		{810296AE-B290-4E67-A945-19806086CAFE}.Release|Any CPU.ActiveCfg = Release|Any CPU
		{810296AE-B290-4E67-A945-19806086CAFE}.Release|Any CPU.Build.0 = Release|Any CPU
		{810296AE-B290-4E67-A945-19806086CAFE}.Release|ARM.ActiveCfg = Release|Any CPU
		{810296AE-B290-4E67-A945-19806086CAFE}.Release|ARM.Build.0 = Release|Any CPU
		{810296AE-B290-4E67-A945-19806086CAFE}.Release|ARM64.ActiveCfg = Release|Any CPU
		{810296AE-B290-4E67-A945-19806086CAFE}.Release|ARM64.Build.0 = Release|Any CPU
		{810296AE-B290-4E67-A945-19806086CAFE}.Release|x64.ActiveCfg = Release|Any CPU
		{810296AE-B290-4E67-A945-19806086CAFE}.Release|x64.Build.0 = Release|Any CPU
		{810296AE-B290-4E67-A945-19806086CAFE}.Release|x86.ActiveCfg = Release|Any CPU
		{810296AE-B290-4E67-A945-19806086CAFE}.Release|x86.Build.0 = Release|Any CPU
	EndGlobalSection
	GlobalSection(SolutionProperties) = preSolution
		HideSolutionNode = FALSE
	EndGlobalSection
	GlobalSection(ExtensibilityGlobals) = postSolution
		SolutionGuid = {FA23C04D-1211-475E-BCC4-92DE89B07D58}
	EndGlobalSection
EndGlobal
